
Microsoft Visual Studio Solution File, Format Version 12.00
# Visual Studio Version 17
VisualStudioVersion = 17.4.33205.214
MinimumVisualStudioVersion = 10.0.40219.1
Project("{FAE04EC0-301F-11D3-BF4B-00C04F79EFBC}") = "JWTTokenDemo", "JWTTokenDemo.csproj", "{B1BF9383-8B5A-49A4-9BF3-BD1559EF766C}"
EndProject
Global
	GlobalSection(SolutionConfigurationPlatforms) = preSolution
		Debug|Any CPU = Debug|Any CPU
		Release|Any CPU = Release|Any CPU
	EndGlobalSection
	GlobalSection(ProjectConfigurationPlatforms) = postSolution
		{B1BF9383-8B5A-49A4-9BF3-BD1559EF766C}.Debug|Any CPU.ActiveCfg = Debug|Any CPU
		{B1BF9383-8B5A-49A4-9BF3-BD1559EF766C}.Debug|Any CPU.Build.0 = Debug|Any CPU
		{B1BF9383-8B5A-49A4-9BF3-BD1559EF766C}.Release|Any CPU.ActiveCfg = Release|Any CPU
		{B1BF9383-8B5A-49A4-9BF3-BD1559EF766C}.Release|Any CPU.Build.0 = Release|Any CPU
	EndGlobalSection
	GlobalSection(SolutionProperties) = preSolution
		HideSolutionNode = FALSE
	EndGlobalSection
	GlobalSection(ExtensibilityGlobals) = postSolution
		SolutionGuid = {9D7ECC37-F7E5-40B6-82AC-127F76541C06}
	EndGlobalSection
EndGlobal
